
Microsoft Visual Studio Solution File, Format Version 12.00
# Visual Studio Version 16
VisualStudioVersion = 16.0.31624.102
MinimumVisualStudioVersion = 10.0.40219.1
Project("{FAE04EC0-301F-11D3-BF4B-00C04F79EFBC}") = "TechTreeMVCWebApplication", "TechTreeMVCWebApplication\TechTreeMVCWebApplication.csproj", "{183E78EE-4A20-4515-B5A7-D84BF0A9FA8F}"
EndProject
Global
	GlobalSection(SolutionConfigurationPlatforms) = preSolution
		Debug|Any CPU = Debug|Any CPU
		Release|Any CPU = Release|Any CPU
	EndGlobalSection
	GlobalSection(ProjectConfigurationPlatforms) = postSolution
		{183E78EE-4A20-4515-B5A7-D84BF0A9FA8F}.Debug|Any CPU.ActiveCfg = Debug|Any CPU
		{183E78EE-4A20-4515-B5A7-D84BF0A9FA8F}.Debug|Any CPU.Build.0 = Debug|Any CPU
		{183E78EE-4A20-4515-B5A7-D84BF0A9FA8F}.Release|Any CPU.ActiveCfg = Release|Any CPU
		{183E78EE-4A20-4515-B5A7-D84BF0A9FA8F}.Release|Any CPU.Build.0 = Release|Any CPU
	EndGlobalSection
	GlobalSection(SolutionProperties) = preSolution
		HideSolutionNode = FALSE
	EndGlobalSection
	GlobalSection(ExtensibilityGlobals) = postSolution
		SolutionGuid = {C00D8DD0-88F1-4788-970D-BB3622F26D71}
	EndGlobalSection
EndGlobal
